// !$*UTF8*$!
{
	archiveVersion = 1;
	classes = {
	};
	objectVersion = 77;
	objects = {

/* Begin PBXContainerItemProxy section */
		CD7D2FC22CBFE6CA0069A378 /* PBXContainerItemProxy */ = {
			isa = PBXContainerItemProxy;
			containerPortal = CD7D2FA82CBFE6C80069A378 /* Project object */;
			proxyType = 1;
			remoteGlobalIDString = CD7D2FAF2CBFE6C80069A378;
			remoteInfo = HeadsUp;
		};
		CD7D2FCC2CBFE6CA0069A378 /* PBXContainerItemProxy */ = {
			isa = PBXContainerItemProxy;
			containerPortal = CD7D2FA82CBFE6C80069A378 /* Project object */;
			proxyType = 1;
			remoteGlobalIDString = CD7D2FAF2CBFE6C80069A378;
			remoteInfo = HeadsUp;
		};
/* End PBXContainerItemProxy section */

/* Begin PBXFileReference section */
		CD7D2FB02CBFE6C80069A378 /* HeadsUp.app */ = {isa = PBXFileReference; explicitFileType = wrapper.application; includeInIndex = 0; path = HeadsUp.app; sourceTree = BUILT_PRODUCTS_DIR; };
		CD7D2FC12CBFE6CA0069A378 /* HeadsUpTests.xctest */ = {isa = PBXFileReference; explicitFileType = wrapper.cfbundle; includeInIndex = 0; path = HeadsUpTests.xctest; sourceTree = BUILT_PRODUCTS_DIR; };
		CD7D2FCB2CBFE6CA0069A378 /* HeadsUpUITests.xctest */ = {isa = PBXFileReference; explicitFileType = wrapper.cfbundle; includeInIndex = 0; path = HeadsUpUITests.xctest; sourceTree = BUILT_PRODUCTS_DIR; };
/* End PBXFileReference section */

/* Begin PBXFileSystemSynchronizedRootGroup section */
		CD7D2FB22CBFE6C80069A378 /* HeadsUp */ = {
			isa = PBXFileSystemSynchronizedRootGroup;
			path = HeadsUp;
			sourceTree = "<group>";
		};
		CD7D2FC42CBFE6CA0069A378 /* HeadsUpTests */ = {
			isa = PBXFileSystemSynchronizedRootGroup;
			path = HeadsUpTests;
			sourceTree = "<group>";
		};
		CD7D2FCE2CBFE6CA0069A378 /* HeadsUpUITests */ = {
			isa = PBXFileSystemSynchronizedRootGroup;
			path = HeadsUpUITests;
			sourceTree = "<group>";
		};
/* End PBXFileSystemSynchronizedRootGroup section */

/* Begin PBXFrameworksBuildPhase section */
		CD7D2FAD2CBFE6C80069A378 /* Frameworks */ = {
			isa = PBXFrameworksBuildPhase;
			buildActionMask = 2147483647;
			files = (
			);
			runOnlyForDeploymentPostprocessing = 0;
		};
		CD7D2FBE2CBFE6CA0069A378 /* Frameworks */ = {
			isa = PBXFrameworksBuildPhase;
			buildActionMask = 2147483647;
			files = (
			);
			runOnlyForDeploymentPostprocessing = 0;
		};
		CD7D2FC82CBFE6CA0069A378 /* Frameworks */ = {
			isa = PBXFrameworksBuildPhase;
			buildActionMask = 2147483647;
			files = (
			);
			runOnlyForDeploymentPostprocessing = 0;
		};
/* End PBXFrameworksBuildPhase section */

/* Begin PBXGroup section */
		CD7D2FA72CBFE6C80069A378 = {
			isa = PBXGroup;
			children = (
				CD7D2FB22CBFE6C80069A378 /* HeadsUp */,
				CD7D2FC42CBFE6CA0069A378 /* HeadsUpTests */,
				CD7D2FCE2CBFE6CA0069A378 /* HeadsUpUITests */,
				CD7D2FB12CBFE6C80069A378 /* Products */,
			);
			sourceTree = "<group>";
		};
		CD7D2FB12CBFE6C80069A378 /* Products */ = {
			isa = PBXGroup;
			children = (
				CD7D2FB02CBFE6C80069A378 /* HeadsUp.app */,
				CD7D2FC12CBFE6CA0069A378 /* HeadsUpTests.xctest */,
				CD7D2FCB2CBFE6CA0069A378 /* HeadsUpUITests.xctest */,
			);
			name = Products;
			sourceTree = "<group>";
		};
/* End PBXGroup section */

/* Begin PBXNativeTarget section */
		CD7D2FAF2CBFE6C80069A378 /* HeadsUp */ = {
			isa = PBXNativeTarget;
			buildConfigurationList = CD7D2FD52CBFE6CA0069A378 /* Build configuration list for PBXNativeTarget "HeadsUp" */;
			buildPhases = (
				CD7D2FAC2CBFE6C80069A378 /* Sources */,
				CD7D2FAD2CBFE6C80069A378 /* Frameworks */,
				CD7D2FAE2CBFE6C80069A378 /* Resources */,
			);
			buildRules = (
			);
			dependencies = (
			);
			fileSystemSynchronizedGroups = (
				CD7D2FB22CBFE6C80069A378 /* HeadsUp */,
			);
			name = HeadsUp;
			packageProductDependencies = (
			);
			productName = HeadsUp;
			productReference = CD7D2FB02CBFE6C80069A378 /* HeadsUp.app */;
			productType = "com.apple.product-type.application";
		};
		CD7D2FC02CBFE6CA0069A378 /* HeadsUpTests */ = {
			isa = PBXNativeTarget;
			buildConfigurationList = CD7D2FD82CBFE6CA0069A378 /* Build configuration list for PBXNativeTarget "HeadsUpTests" */;
			buildPhases = (
				CD7D2FBD2CBFE6CA0069A378 /* Sources */,
				CD7D2FBE2CBFE6CA0069A378 /* Frameworks */,
				CD7D2FBF2CBFE6CA0069A378 /* Resources */,
			);
			buildRules = (
			);
			dependencies = (
				CD7D2FC32CBFE6CA0069A378 /* PBXTargetDependency */,
			);
			fileSystemSynchronizedGroups = (
				CD7D2FC42CBFE6CA0069A378 /* HeadsUpTests */,
			);
			name = HeadsUpTests;
			packageProductDependencies = (
			);
			productName = HeadsUpTests;
			productReference = CD7D2FC12CBFE6CA0069A378 /* HeadsUpTests.xctest */;
			productType = "com.apple.product-type.bundle.unit-test";
		};
		CD7D2FCA2CBFE6CA0069A378 /* HeadsUpUITests */ = {
			isa = PBXNativeTarget;
			buildConfigurationList = CD7D2FDB2CBFE6CA0069A378 /* Build configuration list for PBXNativeTarget "HeadsUpUITests" */;
			buildPhases = (
				CD7D2FC72CBFE6CA0069A378 /* Sources */,
				CD7D2FC82CBFE6CA0069A378 /* Frameworks */,
				CD7D2FC92CBFE6CA0069A378 /* Resources */,
			);
			buildRules = (
			);
			dependencies = (
				CD7D2FCD2CBFE6CA0069A378 /* PBXTargetDependency */,
			);
			fileSystemSynchronizedGroups = (
				CD7D2FCE2CBFE6CA0069A378 /* HeadsUpUITests */,
			);
			name = HeadsUpUITests;
			packageProductDependencies = (
			);
			productName = HeadsUpUITests;
			productReference = CD7D2FCB2CBFE6CA0069A378 /* HeadsUpUITests.xctest */;
			productType = "com.apple.product-type.bundle.ui-testing";
		};
/* End PBXNativeTarget section */

/* Begin PBXProject section */
		CD7D2FA82CBFE6C80069A378 /* Project object */ = {
			isa = PBXProject;
			attributes = {
				BuildIndependentTargetsInParallel = 1;
				LastSwiftUpdateCheck = 1600;
				LastUpgradeCheck = 1600;
				TargetAttributes = {
					CD7D2FAF2CBFE6C80069A378 = {
						CreatedOnToolsVersion = 16.0;
					};
					CD7D2FC02CBFE6CA0069A378 = {
						CreatedOnToolsVersion = 16.0;
						TestTargetID = CD7D2FAF2CBFE6C80069A378;
					};
					CD7D2FCA2CBFE6CA0069A378 = {
						CreatedOnToolsVersion = 16.0;
						TestTargetID = CD7D2FAF2CBFE6C80069A378;
					};
				};
			};
			buildConfigurationList = CD7D2FAB2CBFE6C80069A378 /* Build configuration list for PBXProject "HeadsUp" */;
			developmentRegion = en;
			hasScannedForEncodings = 0;
			knownRegions = (
				en,
				Base,
			);
			mainGroup = CD7D2FA72CBFE6C80069A378;
			minimizedProjectReferenceProxies = 1;
			preferredProjectObjectVersion = 77;
			productRefGroup = CD7D2FB12CBFE6C80069A378 /* Products */;
			projectDirPath = "";
			projectRoot = "";
			targets = (
				CD7D2FAF2CBFE6C80069A378 /* HeadsUp */,
				CD7D2FC02CBFE6CA0069A378 /* HeadsUpTests */,
				CD7D2FCA2CBFE6CA0069A378 /* HeadsUpUITests */,
			);
		};
/* End PBXProject section */

/* Begin PBXResourcesBuildPhase section */
		CD7D2FAE2CBFE6C80069A378 /* Resources */ = {
			isa = PBXResourcesBuildPhase;
			buildActionMask = 2147483647;
			files = (
			);
			runOnlyForDeploymentPostprocessing = 0;
		};
		CD7D2FBF2CBFE6CA0069A378 /* Resources */ = {
			isa = PBXResourcesBuildPhase;
			buildActionMask = 2147483647;
			files = (
			);
			runOnlyForDeploymentPostprocessing = 0;
		};
		CD7D2FC92CBFE6CA0069A378 /* Resources */ = {
			isa = PBXResourcesBuildPhase;
			buildActionMask = 2147483647;
			files = (
			);
			runOnlyForDeploymentPostprocessing = 0;
		};
/* End PBXResourcesBuildPhase section */

/* Begin PBXSourcesBuildPhase section */
		CD7D2FAC2CBFE6C80069A378 /* Sources */ = {
			isa = PBXSourcesBuildPhase;
			buildActionMask = 2147483647;
			files = (
			);
			runOnlyForDeploymentPostprocessing = 0;
		};
		CD7D2FBD2CBFE6CA0069A378 /* Sources */ = {
			isa = PBXSourcesBuildPhase;
			buildActionMask = 2147483647;
			files = (
			);
			runOnlyForDeploymentPostprocessing = 0;
		};
		CD7D2FC72CBFE6CA0069A378 /* Sources */ = {
			isa = PBXSourcesBuildPhase;
			buildActionMask = 2147483647;
			files = (
			);
			runOnlyForDeploymentPostprocessing = 0;
		};
/* End PBXSourcesBuildPhase section */

/* Begin PBXTargetDependency section */
		CD7D2FC32CBFE6CA0069A378 /* PBXTargetDependency */ = {
			isa = PBXTargetDependency;
			target = CD7D2FAF2CBFE6C80069A378 /* HeadsUp */;
			targetProxy = CD7D2FC22CBFE6CA0069A378 /* PBXContainerItemProxy */;
		};
		CD7D2FCD2CBFE6CA0069A378 /* PBXTargetDependency */ = {
			isa = PBXTargetDependency;
			target = CD7D2FAF2CBFE6C80069A378 /* HeadsUp */;
			targetProxy = CD7D2FCC2CBFE6CA0069A378 /* PBXContainerItemProxy */;
		};
/* End PBXTargetDependency section */

/* Begin XCBuildConfiguration section */
		CD7D2FD32CBFE6CA0069A378 /* Debug */ = {
			isa = XCBuildConfiguration;
			buildSettings = {
				ALWAYS_SEARCH_USER_PATHS = NO;
				ASSETCATALOG_COMPILER_GENERATE_SWIFT_ASSET_SYMBOL_EXTENSIONS = YES;
				CLANG_ANALYZER_NONNULL = YES;
				CLANG_ANALYZER_NUMBER_OBJECT_CONVERSION = YES_AGGRESSIVE;
				CLANG_CXX_LANGUAGE_STANDARD = "gnu++20";
				CLANG_ENABLE_MODULES = YES;
				CLANG_ENABLE_OBJC_ARC = YES;
				CLANG_ENABLE_OBJC_WEAK = YES;
				CLANG_WARN_BLOCK_CAPTURE_AUTORELEASING = YES;
				CLANG_WARN_BOOL_CONVERSION = YES;
				CLANG_WARN_COMMA = YES;
				CLANG_WARN_CONSTANT_CONVERSION = YES;
				CLANG_WARN_DEPRECATED_OBJC_IMPLEMENTATIONS = YES;
				CLANG_WARN_DIRECT_OBJC_ISA_USAGE = YES_ERROR;
				CLANG_WARN_DOCUMENTATION_COMMENTS = YES;
				CLANG_WARN_EMPTY_BODY = YES;
				CLANG_WARN_ENUM_CONVERSION = YES;
				CLANG_WARN_INFINITE_RECURSION = YES;
				CLANG_WARN_INT_CONVERSION = YES;
				CLANG_WARN_NON_LITERAL_NULL_CONVERSION = YES;
				CLANG_WARN_OBJC_IMPLICIT_RETAIN_SELF = YES;
				CLANG_WARN_OBJC_LITERAL_CONVERSION = YES;
				CLANG_WARN_OBJC_ROOT_CLASS = YES_ERROR;
				CLANG_WARN_QUOTED_INCLUDE_IN_FRAMEWORK_HEADER = YES;
				CLANG_WARN_RANGE_LOOP_ANALYSIS = YES;
				CLANG_WARN_STRICT_PROTOTYPES = YES;
				CLANG_WARN_SUSPICIOUS_MOVE = YES;
				CLANG_WARN_UNGUARDED_AVAILABILITY = YES_AGGRESSIVE;
				CLANG_WARN_UNREACHABLE_CODE = YES;
				CLANG_WARN__DUPLICATE_METHOD_MATCH = YES;
				COPY_PHASE_STRIP = NO;
				DEBUG_INFORMATION_FORMAT = dwarf;
				ENABLE_STRICT_OBJC_MSGSEND = YES;
				ENABLE_TESTABILITY = YES;
				ENABLE_USER_SCRIPT_SANDBOXING = YES;
				GCC_C_LANGUAGE_STANDARD = gnu17;
				GCC_DYNAMIC_NO_PIC = NO;
				GCC_NO_COMMON_BLOCKS = YES;
				GCC_OPTIMIZATION_LEVEL = 0;
				GCC_PREPROCESSOR_DEFINITIONS = (
					"DEBUG=1",
					"$(inherited)",
				);
				GCC_WARN_64_TO_32_BIT_CONVERSION = YES;
				GCC_WARN_ABOUT_RETURN_TYPE = YES_ERROR;
				GCC_WARN_UNDECLARED_SELECTOR = YES;
				GCC_WARN_UNINITIALIZED_AUTOS = YES_AGGRESSIVE;
				GCC_WARN_UNUSED_FUNCTION = YES;
				GCC_WARN_UNUSED_VARIABLE = YES;
				LOCALIZATION_PREFERS_STRING_CATALOGS = YES;
				MACOSX_DEPLOYMENT_TARGET = 15.0;
				MTL_ENABLE_DEBUG_INFO = INCLUDE_SOURCE;
				MTL_FAST_MATH = YES;
				ONLY_ACTIVE_ARCH = YES;
				SDKROOT = macosx;
				SWIFT_ACTIVE_COMPILATION_CONDITIONS = "DEBUG $(inherited)";
				SWIFT_OPTIMIZATION_LEVEL = "-Onone";
			};
			name = Debug;
		};
		CD7D2FD42CBFE6CA0069A378 /* Release */ = {
			isa = XCBuildConfiguration;
			buildSettings = {
				ALWAYS_SEARCH_USER_PATHS = NO;
				ASSETCATALOG_COMPILER_GENERATE_SWIFT_ASSET_SYMBOL_EXTENSIONS = YES;
				CLANG_ANALYZER_NONNULL = YES;
				CLANG_ANALYZER_NUMBER_OBJECT_CONVERSION = YES_AGGRESSIVE;
				CLANG_CXX_LANGUAGE_STANDARD = "gnu++20";
				CLANG_ENABLE_MODULES = YES;
				CLANG_ENABLE_OBJC_ARC = YES;
				CLANG_ENABLE_OBJC_WEAK = YES;
				CLANG_WARN_BLOCK_CAPTURE_AUTORELEASING = YES;
				CLANG_WARN_BOOL_CONVERSION = YES;
				CLANG_WARN_COMMA = YES;
				CLANG_WARN_CONSTANT_CONVERSION = YES;
				CLANG_WARN_DEPRECATED_OBJC_IMPLEMENTATIONS = YES;
				CLANG_WARN_DIRECT_OBJC_ISA_USAGE = YES_ERROR;
				CLANG_WARN_DOCUMENTATION_COMMENTS = YES;
				CLANG_WARN_EMPTY_BODY = YES;
				CLANG_WARN_ENUM_CONVERSION = YES;
				CLANG_WARN_INFINITE_RECURSION = YES;
				CLANG_WARN_INT_CONVERSION = YES;
				CLANG_WARN_NON_LITERAL_NULL_CONVERSION = YES;
				CLANG_WARN_OBJC_IMPLICIT_RETAIN_SELF = YES;
				CLANG_WARN_OBJC_LITERAL_CONVERSION = YES;
				CLANG_WARN_OBJC_ROOT_CLASS = YES_ERROR;
				CLANG_WARN_QUOTED_INCLUDE_IN_FRAMEWORK_HEADER = YES;
				CLANG_WARN_RANGE_LOOP_ANALYSIS = YES;
				CLANG_WARN_STRICT_PROTOTYPES = YES;
				CLANG_WARN_SUSPICIOUS_MOVE = YES;
				CLANG_WARN_UNGUARDED_AVAILABILITY = YES_AGGRESSIVE;
				CLANG_WARN_UNREACHABLE_CODE = YES;
				CLANG_WARN__DUPLICATE_METHOD_MATCH = YES;
				COPY_PHASE_STRIP = NO;
				DEBUG_INFORMATION_FORMAT = "dwarf-with-dsym";
				ENABLE_NS_ASSERTIONS = NO;
				ENABLE_STRICT_OBJC_MSGSEND = YES;
				ENABLE_USER_SCRIPT_SANDBOXING = YES;
				GCC_C_LANGUAGE_STANDARD = gnu17;
				GCC_NO_COMMON_BLOCKS = YES;
				GCC_WARN_64_TO_32_BIT_CONVERSION = YES;
				GCC_WARN_ABOUT_RETURN_TYPE = YES_ERROR;
				GCC_WARN_UNDECLARED_SELECTOR = YES;
				GCC_WARN_UNINITIALIZED_AUTOS = YES_AGGRESSIVE;
				GCC_WARN_UNUSED_FUNCTION = YES;
				GCC_WARN_UNUSED_VARIABLE = YES;
				LOCALIZATION_PREFERS_STRING_CATALOGS = YES;
				MACOSX_DEPLOYMENT_TARGET = 15.0;
				MTL_ENABLE_DEBUG_INFO = NO;
				MTL_FAST_MATH = YES;
				SDKROOT = macosx;
				SWIFT_COMPILATION_MODE = wholemodule;
			};
			name = Release;
		};
		CD7D2FD62CBFE6CA0069A378 /* Debug */ = {
			isa = XCBuildConfiguration;
			buildSettings = {
				ASSETCATALOG_COMPILER_APPICON_NAME = AppIcon;
				ASSETCATALOG_COMPILER_GLOBAL_ACCENT_COLOR_NAME = AccentColor;
				CODE_SIGN_ENTITLEMENTS = HeadsUp/HeadsUp.entitlements;
				CODE_SIGN_STYLE = Automatic;
				COMBINE_HIDPI_IMAGES = YES;
				CURRENT_PROJECT_VERSION = 1;
				DEVELOPMENT_ASSET_PATHS = "\"HeadsUp/Preview Content\"";
				DEVELOPMENT_TEAM = P47X2292CM;
				ENABLE_HARDENED_RUNTIME = YES;
				ENABLE_PREVIEWS = YES;
				GENERATE_INFOPLIST_FILE = YES;
				INFOPLIST_KEY_NSHumanReadableCopyright = "";
				LD_RUNPATH_SEARCH_PATHS = (
					"$(inherited)",
					"@executable_path/../Frameworks",
				);
				MARKETING_VERSION = 1.0;
				PRODUCT_BUNDLE_IDENTIFIER = com.merkost.HeadsUp;
				PRODUCT_NAME = "$(TARGET_NAME)";
				SWIFT_EMIT_LOC_STRINGS = YES;
				SWIFT_VERSION = 5.0;
			};
			name = Debug;
		};
		CD7D2FD72CBFE6CA0069A378 /* Release */ = {
			isa = XCBuildConfiguration;
			buildSettings = {
				ASSETCATALOG_COMPILER_APPICON_NAME = AppIcon;
				ASSETCATALOG_COMPILER_GLOBAL_ACCENT_COLOR_NAME = AccentColor;
				CODE_SIGN_ENTITLEMENTS = HeadsUp/HeadsUp.entitlements;
				CODE_SIGN_STYLE = Automatic;
				COMBINE_HIDPI_IMAGES = YES;
				CURRENT_PROJECT_VERSION = 1;
				DEVELOPMENT_ASSET_PATHS = "\"HeadsUp/Preview Content\"";
				DEVELOPMENT_TEAM = P47X2292CM;
				ENABLE_HARDENED_RUNTIME = YES;
				ENABLE_PREVIEWS = YES;
				GENERATE_INFOPLIST_FILE = YES;
				INFOPLIST_KEY_NSHumanReadableCopyright = "";
				LD_RUNPATH_SEARCH_PATHS = (
					"$(inherited)",
					"@executable_path/../Frameworks",
				);
				MARKETING_VERSION = 1.0;
				PRODUCT_BUNDLE_IDENTIFIER = com.merkost.HeadsUp;
				PRODUCT_NAME = "$(TARGET_NAME)";
				SWIFT_EMIT_LOC_STRINGS = YES;
				SWIFT_VERSION = 5.0;
			};
			name = Release;
		};
		CD7D2FD92CBFE6CA0069A378 /* Debug */ = {
			isa = XCBuildConfiguration;
			buildSettings = {
				BUNDLE_LOADER = "$(TEST_HOST)";
				CODE_SIGN_STYLE = Automatic;
				CURRENT_PROJECT_VERSION = 1;
				DEVELOPMENT_TEAM = P47X2292CM;
				GENERATE_INFOPLIST_FILE = YES;
				MACOSX_DEPLOYMENT_TARGET = 15.0;
				MARKETING_VERSION = 1.0;
				PRODUCT_BUNDLE_IDENTIFIER = com.merkost.HeadsUpTests;
				PRODUCT_NAME = "$(TARGET_NAME)";
				SWIFT_EMIT_LOC_STRINGS = NO;
				SWIFT_VERSION = 5.0;
				TEST_HOST = "$(BUILT_PRODUCTS_DIR)/HeadsUp.app/$(BUNDLE_EXECUTABLE_FOLDER_PATH)/HeadsUp";
			};
			name = Debug;
		};
		CD7D2FDA2CBFE6CA0069A378 /* Release */ = {
			isa = XCBuildConfiguration;
			buildSettings = {
				BUNDLE_LOADER = "$(TEST_HOST)";
				CODE_SIGN_STYLE = Automatic;
				CURRENT_PROJECT_VERSION = 1;
				DEVELOPMENT_TEAM = P47X2292CM;
				GENERATE_INFOPLIST_FILE = YES;
				MACOSX_DEPLOYMENT_TARGET = 15.0;
				MARKETING_VERSION = 1.0;
				PRODUCT_BUNDLE_IDENTIFIER = com.merkost.HeadsUpTests;
				PRODUCT_NAME = "$(TARGET_NAME)";
				SWIFT_EMIT_LOC_STRINGS = NO;
				SWIFT_VERSION = 5.0;
				TEST_HOST = "$(BUILT_PRODUCTS_DIR)/HeadsUp.app/$(BUNDLE_EXECUTABLE_FOLDER_PATH)/HeadsUp";
			};
			name = Release;
		};
		CD7D2FDC2CBFE6CA0069A378 /* Debug */ = {
			isa = XCBuildConfiguration;
			buildSettings = {
				CODE_SIGN_STYLE = Automatic;
				CURRENT_PROJECT_VERSION = 1;
				DEVELOPMENT_TEAM = P47X2292CM;
				GENERATE_INFOPLIST_FILE = YES;
				MARKETING_VERSION = 1.0;
				PRODUCT_BUNDLE_IDENTIFIER = com.merkost.HeadsUpUITests;
				PRODUCT_NAME = "$(TARGET_NAME)";
				SWIFT_EMIT_LOC_STRINGS = NO;
				SWIFT_VERSION = 5.0;
				TEST_TARGET_NAME = HeadsUp;
			};
			name = Debug;
		};
		CD7D2FDD2CBFE6CA0069A378 /* Release */ = {
			isa = XCBuildConfiguration;
			buildSettings = {
				CODE_SIGN_STYLE = Automatic;
				CURRENT_PROJECT_VERSION = 1;
				DEVELOPMENT_TEAM = P47X2292CM;
				GENERATE_INFOPLIST_FILE = YES;
				MARKETING_VERSION = 1.0;
				PRODUCT_BUNDLE_IDENTIFIER = com.merkost.HeadsUpUITests;
				PRODUCT_NAME = "$(TARGET_NAME)";
				SWIFT_EMIT_LOC_STRINGS = NO;
				SWIFT_VERSION = 5.0;
				TEST_TARGET_NAME = HeadsUp;
			};
			name = Release;
		};
/* End XCBuildConfiguration section */

/* Begin XCConfigurationList section */
		CD7D2FAB2CBFE6C80069A378 /* Build configuration list for PBXProject "HeadsUp" */ = {
			isa = XCConfigurationList;
			buildConfigurations = (
				CD7D2FD32CBFE6CA0069A378 /* Debug */,
				CD7D2FD42CBFE6CA0069A378 /* Release */,
			);
			defaultConfigurationIsVisible = 0;
			defaultConfigurationName = Release;
		};
		CD7D2FD52CBFE6CA0069A378 /* Build configuration list for PBXNativeTarget "HeadsUp" */ = {
			isa = XCConfigurationList;
			buildConfigurations = (
				CD7D2FD62CBFE6CA0069A378 /* Debug */,
				CD7D2FD72CBFE6CA0069A378 /* Release */,
			);
			defaultConfigurationIsVisible = 0;
			defaultConfigurationName = Release;
		};
		CD7D2FD82CBFE6CA0069A378 /* Build configuration list for PBXNativeTarget "HeadsUpTests" */ = {
			isa = XCConfigurationList;
			buildConfigurations = (
				CD7D2FD92CBFE6CA0069A378 /* Debug */,
				CD7D2FDA2CBFE6CA0069A378 /* Release */,
			);
			defaultConfigurationIsVisible = 0;
			defaultConfigurationName = Release;
		};
		CD7D2FDB2CBFE6CA0069A378 /* Build configuration list for PBXNativeTarget "HeadsUpUITests" */ = {
			isa = XCConfigurationList;
			buildConfigurations = (
				CD7D2FDC2CBFE6CA0069A378 /* Debug */,
				CD7D2FDD2CBFE6CA0069A378 /* Release */,
			);
			defaultConfigurationIsVisible = 0;
			defaultConfigurationName = Release;
		};
/* End XCConfigurationList section */
	};
	rootObject = CD7D2FA82CBFE6C80069A378 /* Project object */;
}
